
Microsoft Visual Studio Solution File, Format Version 12.00
# Visual Studio Version 17
VisualStudioVersion = 17.3.32929.385
MinimumVisualStudioVersion = 10.0.40219.1
Project("{FAE04EC0-301F-11D3-BF4B-00C04F79EFBC}") = "RobotGrid.Api", "RobotGrid\RobotGrid.Api.csproj", "{ABC0035F-8A1E-48A3-8019-0F5542FB8FD5}"
EndProject
Project("{FAE04EC0-301F-11D3-BF4B-00C04F79EFBC}") = "RobotGrid.Domain", "RobotGrid.Domain\RobotGrid.Domain.csproj", "{F8F5BA29-487D-4806-B86A-328D3D2E56E6}"
EndProject
Project("{FAE04EC0-301F-11D3-BF4B-00C04F79EFBC}") = "RobotGrid.Tests", "RobotGrid.Tests\RobotGrid.Tests.csproj", "{F5C8F797-B22D-4FF0-95C1-24D2F74F798B}"
EndProject
Global
	GlobalSection(SolutionConfigurationPlatforms) = preSolution
		Debug|Any CPU = Debug|Any CPU
		Release|Any CPU = Release|Any CPU
	EndGlobalSection
	GlobalSection(ProjectConfigurationPlatforms) = postSolution
		{ABC0035F-8A1E-48A3-8019-0F5542FB8FD5}.Debug|Any CPU.ActiveCfg = Debug|Any CPU
		{ABC0035F-8A1E-48A3-8019-0F5542FB8FD5}.Debug|Any CPU.Build.0 = Debug|Any CPU
		{ABC0035F-8A1E-48A3-8019-0F5542FB8FD5}.Release|Any CPU.ActiveCfg = Release|Any CPU
		{ABC0035F-8A1E-48A3-8019-0F5542FB8FD5}.Release|Any CPU.Build.0 = Release|Any CPU
		{F8F5BA29-487D-4806-B86A-328D3D2E56E6}.Debug|Any CPU.ActiveCfg = Debug|Any CPU
		{F8F5BA29-487D-4806-B86A-328D3D2E56E6}.Debug|Any CPU.Build.0 = Debug|Any CPU
		{F8F5BA29-487D-4806-B86A-328D3D2E56E6}.Release|Any CPU.ActiveCfg = Release|Any CPU
		{F8F5BA29-487D-4806-B86A-328D3D2E56E6}.Release|Any CPU.Build.0 = Release|Any CPU
		{F5C8F797-B22D-4FF0-95C1-24D2F74F798B}.Debug|Any CPU.ActiveCfg = Debug|Any CPU
		{F5C8F797-B22D-4FF0-95C1-24D2F74F798B}.Debug|Any CPU.Build.0 = Debug|Any CPU
		{F5C8F797-B22D-4FF0-95C1-24D2F74F798B}.Release|Any CPU.ActiveCfg = Release|Any CPU
		{F5C8F797-B22D-4FF0-95C1-24D2F74F798B}.Release|Any CPU.Build.0 = Release|Any CPU
	EndGlobalSection
	GlobalSection(SolutionProperties) = preSolution
		HideSolutionNode = FALSE
	EndGlobalSection
	GlobalSection(ExtensibilityGlobals) = postSolution
		SolutionGuid = {406DCC3B-94C3-4601-A332-88A37912C720}
	EndGlobalSection
EndGlobal
